dependencies:
  idf:
    source:
      type: idf
    version: 5.5.1
  tm1637:
    dependencies: []
    source:
      path: C:\Users\rafae\OneDrive\Documents\IOT2-AirHockey\components\tm1637
      type: local
    version: 1.0.1
direct_dependencies:
- heronet/tm1637
- idf
manifest_hash: 57bcac2ca8fbaa31b0f5bba0a2aa11adf4713b8855e1d446684a885f881e7540
target: esp32
version: 2.0.0
